
Microsoft Visual Studio Solution File, Format Version 12.00
# Visual Studio Version 17
VisualStudioVersion = 17.5.33627.172
MinimumVisualStudioVersion = 10.0.40219.1
Project("{FAE04EC0-301F-11D3-BF4B-00C04F79EFBC}") = "EmployeePayrollV3", "EmployeePayrollV3\EmployeePayrollV3.csproj", "{F0F6623F-55F6-45B7-A19F-668523AF2D11}"
EndProject
Global
	GlobalSection(SolutionConfigurationPlatforms) = preSolution
		Debug|Any CPU = Debug|Any CPU
		Release|Any CPU = Release|Any CPU
	EndGlobalSection
	GlobalSection(ProjectConfigurationPlatforms) = postSolution
		{F0F6623F-55F6-45B7-A19F-668523AF2D11}.Debug|Any CPU.ActiveCfg = Debug|Any CPU
		{F0F6623F-55F6-45B7-A19F-668523AF2D11}.Debug|Any CPU.Build.0 = Debug|Any CPU
		{F0F6623F-55F6-45B7-A19F-668523AF2D11}.Release|Any CPU.ActiveCfg = Release|Any CPU
		{F0F6623F-55F6-45B7-A19F-668523AF2D11}.Release|Any CPU.Build.0 = Release|Any CPU
	EndGlobalSection
	GlobalSection(SolutionProperties) = preSolution
		HideSolutionNode = FALSE
	EndGlobalSection
	GlobalSection(ExtensibilityGlobals) = postSolution
		SolutionGuid = {5FDDEF1E-F567-465E-BA43-916C592F1B67}
	EndGlobalSection
EndGlobal
